
Microsoft Visual Studio Solution File, Format Version 11.00
# Visual Studio 2010
Project("{8BC9CEB8-8B4A-11D0-8D11-00A0C91BC942}") = "Template", "Template\Template.vcxproj", "{55F89DD8-B275-47A2-9C6B-ED2CD451F05B}"
EndProject
Global
	GlobalSection(SolutionConfigurationPlatforms) = preSolution
		Debug|Win32 = Debug|Win32
		Release|Win32 = Release|Win32
	EndGlobalSection
	GlobalSection(ProjectConfigurationPlatforms) = postSolution
		{55F89DD8-B275-47A2-9C6B-ED2CD451F05B}.Debug|Win32.ActiveCfg = Debug|Win32
		{55F89DD8-B275-47A2-9C6B-ED2CD451F05B}.Debug|Win32.Build.0 = Debug|Win32
		{55F89DD8-B275-47A2-9C6B-ED2CD451F05B}.Release|Win32.ActiveCfg = Release|Win32
		{55F89DD8-B275-47A2-9C6B-ED2CD451F05B}.Release|Win32.Build.0 = Release|Win32
	EndGlobalSection
	GlobalSection(SolutionProperties) = preSolution
		HideSolutionNode = FALSE
	EndGlobalSection
EndGlobal
